
Microsoft Visual Studio Solution File, Format Version 12.00
# Visual Studio Version 16
VisualStudioVersion = 16.0.31205.134
MinimumVisualStudioVersion = 10.0.40219.1
Project("{FAE04EC0-301F-11D3-BF4B-00C04F79EFBC}") = "GUI", "GUI\GUI.csproj", "{7100BD05-18BF-4E4F-B54A-FD919DD6157F}"
EndProject
Global
	GlobalSection(SolutionConfigurationPlatforms) = preSolution
		Debug|Any CPU = Debug|Any CPU
		Release|Any CPU = Release|Any CPU
	EndGlobalSection
	GlobalSection(ProjectConfigurationPlatforms) = postSolution
		{7100BD05-18BF-4E4F-B54A-FD919DD6157F}.Debug|Any CPU.ActiveCfg = Debug|Any CPU
		{7100BD05-18BF-4E4F-B54A-FD919DD6157F}.Debug|Any CPU.Build.0 = Debug|Any CPU
		{7100BD05-18BF-4E4F-B54A-FD919DD6157F}.Release|Any CPU.ActiveCfg = Release|Any CPU
		{7100BD05-18BF-4E4F-B54A-FD919DD6157F}.Release|Any CPU.Build.0 = Release|Any CPU
	EndGlobalSection
	GlobalSection(SolutionProperties) = preSolution
		HideSolutionNode = FALSE
	EndGlobalSection
	GlobalSection(ExtensibilityGlobals) = postSolution
		SolutionGuid = {7D107722-2BBB-4966-A00D-B95CD1AE9390}
	EndGlobalSection
EndGlobal
